
Microsoft Visual Studio Solution File, Format Version 12.00
# Visual Studio Version 17
VisualStudioVersion = 17.14.36202.13
MinimumVisualStudioVersion = 10.0.40219.1
Project("{FAE04EC0-301F-11D3-BF4B-00C04F79EFBC}") = "StudentDetails", "StudentDetails\StudentDetails.csproj", "{06A0D399-DDEF-4B0C-ADF3-AAD8874D5419}"
EndProject
Project("{FAE04EC0-301F-11D3-BF4B-00C04F79EFBC}") = "StudentDataMySqlDB", "StudentDataMySqlDB\StudentDataMySqlDB.csproj", "{4F590191-791F-40FC-AA8C-968D34F68DD1}"
EndProject
Global
	GlobalSection(SolutionConfigurationPlatforms) = preSolution
		Debug|Any CPU = Debug|Any CPU
		Release|Any CPU = Release|Any CPU
	EndGlobalSection
	GlobalSection(ProjectConfigurationPlatforms) = postSolution
		{06A0D399-DDEF-4B0C-ADF3-AAD8874D5419}.Debug|Any CPU.ActiveCfg = Debug|Any CPU
		{06A0D399-DDEF-4B0C-ADF3-AAD8874D5419}.Debug|Any CPU.Build.0 = Debug|Any CPU
		{06A0D399-DDEF-4B0C-ADF3-AAD8874D5419}.Release|Any CPU.ActiveCfg = Release|Any CPU
		{06A0D399-DDEF-4B0C-ADF3-AAD8874D5419}.Release|Any CPU.Build.0 = Release|Any CPU
		{4F590191-791F-40FC-AA8C-968D34F68DD1}.Debug|Any CPU.ActiveCfg = Debug|Any CPU
		{4F590191-791F-40FC-AA8C-968D34F68DD1}.Debug|Any CPU.Build.0 = Debug|Any CPU
		{4F590191-791F-40FC-AA8C-968D34F68DD1}.Release|Any CPU.ActiveCfg = Release|Any CPU
		{4F590191-791F-40FC-AA8C-968D34F68DD1}.Release|Any CPU.Build.0 = Release|Any CPU
	EndGlobalSection
	GlobalSection(SolutionProperties) = preSolution
		HideSolutionNode = FALSE
	EndGlobalSection
	GlobalSection(ExtensibilityGlobals) = postSolution
		SolutionGuid = {41987489-2A14-4F63-A7B0-8BFEC2BBA873}
	EndGlobalSection
EndGlobal
